
Microsoft Visual Studio Solution File, Format Version 12.00
# Visual Studio Version 17
VisualStudioVersion = 17.5.2.0
MinimumVisualStudioVersion = 10.0.40219.1
Project("{2150E333-8FDC-42A3-9474-1A3956D46DE8}") = "src", "src", "{827E0CD3-B72D-47B6-A68D-7590B98EB39B}"
EndProject
Project("{FAE04EC0-301F-11D3-BF4B-00C04F79EFBC}") = "LocalTranscriber.Cli", "src\LocalTranscriber.Cli\LocalTranscriber.Cli.csproj", "{F5F8BD37-7597-FA53-0BAF-E92CD5B8395B}"
EndProject
Project("{FAE04EC0-301F-11D3-BF4B-00C04F79EFBC}") = "LocalTranscriber.Web", "src\LocalTranscriber.Web\LocalTranscriber.Web.csproj", "{BAF8C822-0481-45CE-163D-617486284390}"
EndProject
Project("{FAE04EC0-301F-11D3-BF4B-00C04F79EFBC}") = "LocalTranscriber.Web.Client", "src\LocalTranscriber.Web.Client\LocalTranscriber.Web.Client.csproj", "{9D6D8B55-71DB-44A3-A2F3-FD97BEE66148}"
EndProject
Global
	GlobalSection(SolutionConfigurationPlatforms) = preSolution
		Debug|Any CPU = Debug|Any CPU
		Debug|x64 = Debug|x64
		Debug|x86 = Debug|x86
		Release|Any CPU = Release|Any CPU
		Release|x64 = Release|x64
		Release|x86 = Release|x86
	EndGlobalSection
	GlobalSection(ProjectConfigurationPlatforms) = postSolution
		{F5F8BD37-7597-FA53-0BAF-E92CD5B8395B}.Debug|Any CPU.ActiveCfg = Debug|Any CPU
		{F5F8BD37-7597-FA53-0BAF-E92CD5B8395B}.Debug|Any CPU.Build.0 = Debug|Any CPU
		{F5F8BD37-7597-FA53-0BAF-E92CD5B8395B}.Debug|x64.ActiveCfg = Debug|Any CPU
		{F5F8BD37-7597-FA53-0BAF-E92CD5B8395B}.Debug|x64.Build.0 = Debug|Any CPU
		{F5F8BD37-7597-FA53-0BAF-E92CD5B8395B}.Debug|x86.ActiveCfg = Debug|Any CPU
		{F5F8BD37-7597-FA53-0BAF-E92CD5B8395B}.Debug|x86.Build.0 = Debug|Any CPU
		{F5F8BD37-7597-FA53-0BAF-E92CD5B8395B}.Release|Any CPU.ActiveCfg = Release|Any CPU
		{F5F8BD37-7597-FA53-0BAF-E92CD5B8395B}.Release|Any CPU.Build.0 = Release|Any CPU
		{F5F8BD37-7597-FA53-0BAF-E92CD5B8395B}.Release|x64.ActiveCfg = Release|Any CPU
		{F5F8BD37-7597-FA53-0BAF-E92CD5B8395B}.Release|x64.Build.0 = Release|Any CPU
		{F5F8BD37-7597-FA53-0BAF-E92CD5B8395B}.Release|x86.ActiveCfg = Release|Any CPU
		{F5F8BD37-7597-FA53-0BAF-E92CD5B8395B}.Release|x86.Build.0 = Release|Any CPU
		{BAF8C822-0481-45CE-163D-617486284390}.Debug|Any CPU.ActiveCfg = Debug|Any CPU
		{BAF8C822-0481-45CE-163D-617486284390}.Debug|Any CPU.Build.0 = Debug|Any CPU
		{BAF8C822-0481-45CE-163D-617486284390}.Debug|x64.ActiveCfg = Debug|Any CPU
		{BAF8C822-0481-45CE-163D-617486284390}.Debug|x64.Build.0 = Debug|Any CPU
		{BAF8C822-0481-45CE-163D-617486284390}.Debug|x86.ActiveCfg = Debug|Any CPU
		{BAF8C822-0481-45CE-163D-617486284390}.Debug|x86.Build.0 = Debug|Any CPU
		{BAF8C822-0481-45CE-163D-617486284390}.Release|Any CPU.ActiveCfg = Release|Any CPU
		{BAF8C822-0481-45CE-163D-617486284390}.Release|Any CPU.Build.0 = Release|Any CPU
		{BAF8C822-0481-45CE-163D-617486284390}.Release|x64.ActiveCfg = Release|Any CPU
		{BAF8C822-0481-45CE-163D-617486284390}.Release|x64.Build.0 = Release|Any CPU
		{BAF8C822-0481-45CE-163D-617486284390}.Release|x86.ActiveCfg = Release|Any CPU
		{BAF8C822-0481-45CE-163D-617486284390}.Release|x86.Build.0 = Release|Any CPU
		{9D6D8B55-71DB-44A3-A2F3-FD97BEE66148}.Debug|Any CPU.ActiveCfg = Debug|Any CPU
		{9D6D8B55-71DB-44A3-A2F3-FD97BEE66148}.Debug|Any CPU.Build.0 = Debug|Any CPU
		{9D6D8B55-71DB-44A3-A2F3-FD97BEE66148}.Debug|x64.ActiveCfg = Debug|Any CPU
		{9D6D8B55-71DB-44A3-A2F3-FD97BEE66148}.Debug|x64.Build.0 = Debug|Any CPU
		{9D6D8B55-71DB-44A3-A2F3-FD97BEE66148}.Debug|x86.ActiveCfg = Debug|Any CPU
		{9D6D8B55-71DB-44A3-A2F3-FD97BEE66148}.Debug|x86.Build.0 = Debug|Any CPU
		{9D6D8B55-71DB-44A3-A2F3-FD97BEE66148}.Release|Any CPU.ActiveCfg = Release|Any CPU
		{9D6D8B55-71DB-44A3-A2F3-FD97BEE66148}.Release|Any CPU.Build.0 = Release|Any CPU
		{9D6D8B55-71DB-44A3-A2F3-FD97BEE66148}.Release|x64.ActiveCfg = Release|Any CPU
		{9D6D8B55-71DB-44A3-A2F3-FD97BEE66148}.Release|x64.Build.0 = Release|Any CPU
		{9D6D8B55-71DB-44A3-A2F3-FD97BEE66148}.Release|x86.ActiveCfg = Release|Any CPU
		{9D6D8B55-71DB-44A3-A2F3-FD97BEE66148}.Release|x86.Build.0 = Release|Any CPU
	EndGlobalSection
	GlobalSection(SolutionProperties) = preSolution
		HideSolutionNode = FALSE
	EndGlobalSection
	GlobalSection(NestedProjects) = preSolution
		{F5F8BD37-7597-FA53-0BAF-E92CD5B8395B} = {827E0CD3-B72D-47B6-A68D-7590B98EB39B}
		{BAF8C822-0481-45CE-163D-617486284390} = {827E0CD3-B72D-47B6-A68D-7590B98EB39B}
		{9D6D8B55-71DB-44A3-A2F3-FD97BEE66148} = {827E0CD3-B72D-47B6-A68D-7590B98EB39B}
	EndGlobalSection
	GlobalSection(ExtensibilityGlobals) = postSolution
		SolutionGuid = {DCD0B932-013B-46B4-BFD1-134F93ABCAFC}
	EndGlobalSection
EndGlobal
